
Microsoft Visual Studio Solution File, Format Version 12.00
# Visual Studio Version 17
VisualStudioVersion = 17.1.32421.90
MinimumVisualStudioVersion = 10.0.40219.1
Project("{FAE04EC0-301F-11D3-BF4B-00C04F79EFBC}") = "FlightPlan", "FlightPlan\FlightPlan.csproj", "{FD937E80-E67E-400B-8516-3AC8A8FBAF42}"
EndProject
Global
	GlobalSection(SolutionConfigurationPlatforms) = preSolution
		Debug|Any CPU = Debug|Any CPU
		Release|Any CPU = Release|Any CPU
	EndGlobalSection
	GlobalSection(ProjectConfigurationPlatforms) = postSolution
		{FD937E80-E67E-400B-8516-3AC8A8FBAF42}.Debug|Any CPU.ActiveCfg = Debug|Any CPU
		{FD937E80-E67E-400B-8516-3AC8A8FBAF42}.Debug|Any CPU.Build.0 = Debug|Any CPU
		{FD937E80-E67E-400B-8516-3AC8A8FBAF42}.Release|Any CPU.ActiveCfg = Release|Any CPU
		{FD937E80-E67E-400B-8516-3AC8A8FBAF42}.Release|Any CPU.Build.0 = Release|Any CPU
	EndGlobalSection
	GlobalSection(SolutionProperties) = preSolution
		HideSolutionNode = FALSE
	EndGlobalSection
	GlobalSection(ExtensibilityGlobals) = postSolution
		SolutionGuid = {12F30F42-1736-4034-856F-83D2C85A0E4D}
	EndGlobalSection
EndGlobal
